// !$*UTF8*$!
{
	archiveVersion = 1;
	classes = {
	};
	objectVersion = 50;
	objects = {

/* Begin PBXBuildFile section */
		482426662385D05E004CF12D /* icon_back-arrow.png in Resources */ = {isa = PBXBuildFile; fileRef = 482426452385D05D004CF12D /* icon_back-arrow.png */; };
		482426672385D05E004CF12D /* logo-u@2x.png in Resources */ = {isa = PBXBuildFile; fileRef = 482426462385D05D004CF12D /* logo-u@2x.png */; };
		482426682385D05E004CF12D /* logo-u@3x.png in Resources */ = {isa = PBXBuildFile; fileRef = 482426472385D05D004CF12D /* logo-u@3x.png */; };
		482426692385D05E004CF12D /* icon_back-arrow@3x.png in Resources */ = {isa = PBXBuildFile; fileRef = 482426482385D05D004CF12D /* icon_back-arrow@3x.png */; };
		4824266A2385D05E004CF12D /* icon_addpin@2x.png in Resources */ = {isa = PBXBuildFile; fileRef = 482426492385D05D004CF12D /* icon_addpin@2x.png */; };
		4824266B2385D05E004CF12D /* icon_world@3x.png in Resources */ = {isa = PBXBuildFile; fileRef = 4824264A2385D05D004CF12D /* icon_world@3x.png */; };
		4824266C2385D05E004CF12D /* icon_refresh@3x.png in Resources */ = {isa = PBXBuildFile; fileRef = 4824264B2385D05D004CF12D /* icon_refresh@3x.png */; };
		4824266D2385D05E004CF12D /* icon_addpin.png in Resources */ = {isa = PBXBuildFile; fileRef = 4824264C2385D05D004CF12D /* icon_addpin.png */; };
		4824266E2385D05E004CF12D /* icon_listview-selected.png in Resources */ = {isa = PBXBuildFile; fileRef = 4824264D2385D05D004CF12D /* icon_listview-selected.png */; };
		4824266F2385D05E004CF12D /* icon_pin@2x.png in Resources */ = {isa = PBXBuildFile; fileRef = 4824264E2385D05D004CF12D /* icon_pin@2x.png */; };
		482426702385D05E004CF12D /* icon_refresh.png in Resources */ = {isa = PBXBuildFile; fileRef = 4824264F2385D05D004CF12D /* icon_refresh.png */; };
		482426712385D05E004CF12D /* icon_refresh@2x.png in Resources */ = {isa = PBXBuildFile; fileRef = 482426502385D05D004CF12D /* icon_refresh@2x.png */; };
		482426722385D05E004CF12D /* logo-u.png in Resources */ = {isa = PBXBuildFile; fileRef = 482426512385D05D004CF12D /* logo-u.png */; };
		482426732385D05E004CF12D /* icon_mapview-deselected.png in Resources */ = {isa = PBXBuildFile; fileRef = 482426522385D05D004CF12D /* icon_mapview-deselected.png */; };
		482426742385D05E004CF12D /* icon_mapview-selected@3x.png in Resources */ = {isa = PBXBuildFile; fileRef = 482426532385D05D004CF12D /* icon_mapview-selected@3x.png */; };
		482426752385D05E004CF12D /* icon_world.png in Resources */ = {isa = PBXBuildFile; fileRef = 482426542385D05D004CF12D /* icon_world.png */; };
		482426762385D05E004CF12D /* icon_listview-deselected.png in Resources */ = {isa = PBXBuildFile; fileRef = 482426552385D05E004CF12D /* icon_listview-deselected.png */; };
		482426772385D05E004CF12D /* icon_world@2x.png in Resources */ = {isa = PBXBuildFile; fileRef = 482426562385D05E004CF12D /* icon_world@2x.png */; };
		482426782385D05E004CF12D /* icon_listview-deselected@2x.png in Resources */ = {isa = PBXBuildFile; fileRef = 482426572385D05E004CF12D /* icon_listview-deselected@2x.png */; };
		482426792385D05E004CF12D /* icon_mapview-deselected@2x.png in Resources */ = {isa = PBXBuildFile; fileRef = 482426582385D05E004CF12D /* icon_mapview-deselected@2x.png */; };
		4824267A2385D05E004CF12D /* icon_mapview-selected@2x.png in Resources */ = {isa = PBXBuildFile; fileRef = 482426592385D05E004CF12D /* icon_mapview-selected@2x.png */; };
		4824267B2385D05E004CF12D /* icon_listview-selected@2x.png in Resources */ = {isa = PBXBuildFile; fileRef = 4824265A2385D05E004CF12D /* icon_listview-selected@2x.png */; };
		4824267C2385D05E004CF12D /* icon_mapview-deselected@3x.png in Resources */ = {isa = PBXBuildFile; fileRef = 4824265B2385D05E004CF12D /* icon_mapview-deselected@3x.png */; };
		4824267D2385D05E004CF12D /* icon_back-arrow@2x.png in Resources */ = {isa = PBXBuildFile; fileRef = 4824265C2385D05E004CF12D /* icon_back-arrow@2x.png */; };
		4824267E2385D05E004CF12D /* icon_listview-deselected@3x.png in Resources */ = {isa = PBXBuildFile; fileRef = 4824265D2385D05E004CF12D /* icon_listview-deselected@3x.png */; };
		4824267F2385D05E004CF12D /* loading.png in Resources */ = {isa = PBXBuildFile; fileRef = 4824265E2385D05E004CF12D /* loading.png */; };
		482426802385D05E004CF12D /* loading@2x.png in Resources */ = {isa = PBXBuildFile; fileRef = 4824265F2385D05E004CF12D /* loading@2x.png */; };
		482426812385D05E004CF12D /* icon_pin@3x.png in Resources */ = {isa = PBXBuildFile; fileRef = 482426602385D05E004CF12D /* icon_pin@3x.png */; };
		482426822385D05E004CF12D /* icon_listview-selected@3x.png in Resources */ = {isa = PBXBuildFile; fileRef = 482426612385D05E004CF12D /* icon_listview-selected@3x.png */; };
		482426832385D05E004CF12D /* icon_addpin@3x.png in Resources */ = {isa = PBXBuildFile; fileRef = 482426622385D05E004CF12D /* icon_addpin@3x.png */; };
		482426842385D05E004CF12D /* icon_mapview-selected.png in Resources */ = {isa = PBXBuildFile; fileRef = 482426632385D05E004CF12D /* icon_mapview-selected.png */; };
		482426852385D05E004CF12D /* icon_pin.png in Resources */ = {isa = PBXBuildFile; fileRef = 482426642385D05E004CF12D /* icon_pin.png */; };
		482426862385D05E004CF12D /* loading@3x.png in Resources */ = {isa = PBXBuildFile; fileRef = 482426652385D05E004CF12D /* loading@3x.png */; };
		482426882385D4B7004CF12D /* VerifiedLocationViewController.swift in Sources */ = {isa = PBXBuildFile; fileRef = 482426872385D4B7004CF12D /* VerifiedLocationViewController.swift */; };
		48483BF7238FAA7B006659D6 /* UserInfo.swift in Sources */ = {isa = PBXBuildFile; fileRef = 48483BF6238FAA7B006659D6 /* UserInfo.swift */; };
		48483BF9238FB452006659D6 /* APIConstant.swift in Sources */ = {isa = PBXBuildFile; fileRef = 48483BF8238FB452006659D6 /* APIConstant.swift */; };
		48483BFB238FBAE8006659D6 /* ViewController.swift in Sources */ = {isa = PBXBuildFile; fileRef = 48483BFA238FBAE8006659D6 /* ViewController.swift */; };
		48D99BB8237D8F1900575339 /* AppDelegate.swift in Sources */ = {isa = PBXBuildFile; fileRef = 48D99BB7237D8F1900575339 /* AppDelegate.swift */; };
		48D99BBA237D8F1900575339 /* NewLocationViewController.swift in Sources */ = {isa = PBXBuildFile; fileRef = 48D99BB9237D8F1900575339 /* NewLocationViewController.swift */; };
		48D99BBD237D8F1900575339 /* Main.storyboard in Resources */ = {isa = PBXBuildFile; fileRef = 48D99BBB237D8F1900575339 /* Main.storyboard */; };
		48D99BC0237D8F1900575339 /* OnTheMap.xcdatamodeld in Sources */ = {isa = PBXBuildFile; fileRef = 48D99BBE237D8F1900575339 /* OnTheMap.xcdatamodeld */; };
		48D99BC2237D8F1B00575339 /* Assets.xcassets in Resources */ = {isa = PBXBuildFile; fileRef = 48D99BC1237D8F1B00575339 /* Assets.xcassets */; };
		48D99BC5237D8F1B00575339 /* LaunchScreen.storyboard in Resources */ = {isa = PBXBuildFile; fileRef = 48D99BC3237D8F1B00575339 /* LaunchScreen.storyboard */; };
		48D99BD0237D8F1B00575339 /* OnTheMapTests.swift in Sources */ = {isa = PBXBuildFile; fileRef = 48D99BCF237D8F1B00575339 /* OnTheMapTests.swift */; };
		48D99BDB237D8F1B00575339 /* OnTheMapUITests.swift in Sources */ = {isa = PBXBuildFile; fileRef = 48D99BDA237D8F1B00575339 /* OnTheMapUITests.swift */; };
		48D99BEB237DF48C00575339 /* UdacityAPI.swift in Sources */ = {isa = PBXBuildFile; fileRef = 48D99BEA237DF48C00575339 /* UdacityAPI.swift */; };
		48D99BF223802F9600575339 /* LoginViewController.swift in Sources */ = {isa = PBXBuildFile; fileRef = 48D99BF123802F9600575339 /* LoginViewController.swift */; };
		48D99BF623815BEA00575339 /* MapViewController.swift in Sources */ = {isa = PBXBuildFile; fileRef = 48D99BF523815BEA00575339 /* MapViewController.swift */; };
		48D99BF823815C2E00575339 /* StudentLocation.swift in Sources */ = {isa = PBXBuildFile; fileRef = 48D99BF723815C2E00575339 /* StudentLocation.swift */; };
		48E19F352386CBCD005F55F3 /* ListViewController.swift in Sources */ = {isa = PBXBuildFile; fileRef = 48E19F342386CBCD005F55F3 /* ListViewController.swift */; };
/* End PBXBuildFile section */

/* Begin PBXContainerItemProxy section */
		48D99BCC237D8F1B00575339 /* PBXContainerItemProxy */ = {
			isa = PBXContainerItemProxy;
			containerPortal = 48D99BAC237D8F1900575339 /* Project object */;
			proxyType = 1;
			remoteGlobalIDString = 48D99BB3237D8F1900575339;
			remoteInfo = OnTheMap;
		};
		48D99BD7237D8F1B00575339 /* PBXContainerItemProxy */ = {
			isa = PBXContainerItemProxy;
			containerPortal = 48D99BAC237D8F1900575339 /* Project object */;
			proxyType = 1;
			remoteGlobalIDString = 48D99BB3237D8F1900575339;
			remoteInfo = OnTheMap;
		};
/* End PBXContainerItemProxy section */

/* Begin PBXFileReference section */
		482426452385D05D004CF12D /* icon_back-arrow.png */ = {isa = PBXFileReference; lastKnownFileType = image.png; name = "icon_back-arrow.png"; path = "../../on-the-map-assets-new/icon_back-arrow.png"; sourceTree = "<group>"; };
		482426462385D05D004CF12D /* logo-u@2x.png */ = {isa = PBXFileReference; lastKnownFileType = image.png; name = "logo-u@2x.png"; path = "../../on-the-map-assets-new/logo-u@2x.png"; sourceTree = "<group>"; };
		482426472385D05D004CF12D /* logo-u@3x.png */ = {isa = PBXFileReference; lastKnownFileType = image.png; name = "logo-u@3x.png"; path = "../../on-the-map-assets-new/logo-u@3x.png"; sourceTree = "<group>"; };
		482426482385D05D004CF12D /* icon_back-arrow@3x.png */ = {isa = PBXFileReference; lastKnownFileType = image.png; name = "icon_back-arrow@3x.png"; path = "../../on-the-map-assets-new/icon_back-arrow@3x.png"; sourceTree = "<group>"; };
		482426492385D05D004CF12D /* icon_addpin@2x.png */ = {isa = PBXFileReference; lastKnownFileType = image.png; name = "icon_addpin@2x.png"; path = "../../on-the-map-assets-new/icon_addpin@2x.png"; sourceTree = "<group>"; };
		4824264A2385D05D004CF12D /* icon_world@3x.png */ = {isa = PBXFileReference; lastKnownFileType = image.png; name = "icon_world@3x.png"; path = "../../on-the-map-assets-new/icon_world@3x.png"; sourceTree = "<group>"; };
		4824264B2385D05D004CF12D /* icon_refresh@3x.png */ = {isa = PBXFileReference; lastKnownFileType = image.png; name = "icon_refresh@3x.png"; path = "../../on-the-map-assets-new/icon_refresh@3x.png"; sourceTree = "<group>"; };
		4824264C2385D05D004CF12D /* icon_addpin.png */ = {isa = PBXFileReference; lastKnownFileType = image.png; name = icon_addpin.png; path = "../../on-the-map-assets-new/icon_addpin.png"; sourceTree = "<group>"; };
		4824264D2385D05D004CF12D /* icon_listview-selected.png */ = {isa = PBXFileReference; lastKnownFileType = image.png; name = "icon_listview-selected.png"; path = "../../on-the-map-assets-new/icon_listview-selected.png"; sourceTree = "<group>"; };
		4824264E2385D05D004CF12D /* icon_pin@2x.png */ = {isa = PBXFileReference; lastKnownFileType = image.png; name = "icon_pin@2x.png"; path = "../../on-the-map-assets-new/icon_pin@2x.png"; sourceTree = "<group>"; };
		4824264F2385D05D004CF12D /* icon_refresh.png */ = {isa = PBXFileReference; lastKnownFileType = image.png; name = icon_refresh.png; path = "../../on-the-map-assets-new/icon_refresh.png"; sourceTree = "<group>"; };
		482426502385D05D004CF12D /* icon_refresh@2x.png */ = {isa = PBXFileReference; lastKnownFileType = image.png; name = "icon_refresh@2x.png"; path = "../../on-the-map-assets-new/icon_refresh@2x.png"; sourceTree = "<group>"; };
		482426512385D05D004CF12D /* logo-u.png */ = {isa = PBXFileReference; lastKnownFileType = image.png; name = "logo-u.png"; path = "../../on-the-map-assets-new/logo-u.png"; sourceTree = "<group>"; };
		482426522385D05D004CF12D /* icon_mapview-deselected.png */ = {isa = PBXFileReference; lastKnownFileType = image.png; name = "icon_mapview-deselected.png"; path = "../../on-the-map-assets-new/icon_mapview-deselected.png"; sourceTree = "<group>"; };
		482426532385D05D004CF12D /* icon_mapview-selected@3x.png */ = {isa = PBXFileReference; lastKnownFileType = image.png; name = "icon_mapview-selected@3x.png"; path = "../../on-the-map-assets-new/icon_mapview-selected@3x.png"; sourceTree = "<group>"; };
		482426542385D05D004CF12D /* icon_world.png */ = {isa = PBXFileReference; lastKnownFileType = image.png; name = icon_world.png; path = "../../on-the-map-assets-new/icon_world.png"; sourceTree = "<group>"; };
		482426552385D05E004CF12D /* icon_listview-deselected.png */ = {isa = PBXFileReference; lastKnownFileType = image.png; name = "icon_listview-deselected.png"; path = "../../on-the-map-assets-new/icon_listview-deselected.png"; sourceTree = "<group>"; };
		482426562385D05E004CF12D /* icon_world@2x.png */ = {isa = PBXFileReference; lastKnownFileType = image.png; name = "icon_world@2x.png"; path = "../../on-the-map-assets-new/icon_world@2x.png"; sourceTree = "<group>"; };
		482426572385D05E004CF12D /* icon_listview-deselected@2x.png */ = {isa = PBXFileReference; lastKnownFileType = image.png; name = "icon_listview-deselected@2x.png"; path = "../../on-the-map-assets-new/icon_listview-deselected@2x.png"; sourceTree = "<group>"; };
		482426582385D05E004CF12D /* icon_mapview-deselected@2x.png */ = {isa = PBXFileReference; lastKnownFileType = image.png; name = "icon_mapview-deselected@2x.png"; path = "../../on-the-map-assets-new/icon_mapview-deselected@2x.png"; sourceTree = "<group>"; };
		482426592385D05E004CF12D /* icon_mapview-selected@2x.png */ = {isa = PBXFileReference; lastKnownFileType = image.png; name = "icon_mapview-selected@2x.png"; path = "../../on-the-map-assets-new/icon_mapview-selected@2x.png"; sourceTree = "<group>"; };
		4824265A2385D05E004CF12D /* icon_listview-selected@2x.png */ = {isa = PBXFileReference; lastKnownFileType = image.png; name = "icon_listview-selected@2x.png"; path = "../../on-the-map-assets-new/icon_listview-selected@2x.png"; sourceTree = "<group>"; };
		4824265B2385D05E004CF12D /* icon_mapview-deselected@3x.png */ = {isa = PBXFileReference; lastKnownFileType = image.png; name = "icon_mapview-deselected@3x.png"; path = "../../on-the-map-assets-new/icon_mapview-deselected@3x.png"; sourceTree = "<group>"; };
		4824265C2385D05E004CF12D /* icon_back-arrow@2x.png */ = {isa = PBXFileReference; lastKnownFileType = image.png; name = "icon_back-arrow@2x.png"; path = "../../on-the-map-assets-new/icon_back-arrow@2x.png"; sourceTree = "<group>"; };
		4824265D2385D05E004CF12D /* icon_listview-deselected@3x.png */ = {isa = PBXFileReference; lastKnownFileType = image.png; name = "icon_listview-deselected@3x.png"; path = "../../on-the-map-assets-new/icon_listview-deselected@3x.png"; sourceTree = "<group>"; };
		4824265E2385D05E004CF12D /* loading.png */ = {isa = PBXFileReference; lastKnownFileType = image.png; name = loading.png; path = "../../on-the-map-assets-new/loading.png"; sourceTree = "<group>"; };
		4824265F2385D05E004CF12D /* loading@2x.png */ = {isa = PBXFileReference; lastKnownFileType = image.png; name = "loading@2x.png"; path = "../../on-the-map-assets-new/loading@2x.png"; sourceTree = "<group>"; };
		482426602385D05E004CF12D /* icon_pin@3x.png */ = {isa = PBXFileReference; lastKnownFileType = image.png; name = "icon_pin@3x.png"; path = "../../on-the-map-assets-new/icon_pin@3x.png"; sourceTree = "<group>"; };
		482426612385D05E004CF12D /* icon_listview-selected@3x.png */ = {isa = PBXFileReference; lastKnownFileType = image.png; name = "icon_listview-selected@3x.png"; path = "../../on-the-map-assets-new/icon_listview-selected@3x.png"; sourceTree = "<group>"; };
		482426622385D05E004CF12D /* icon_addpin@3x.png */ = {isa = PBXFileReference; lastKnownFileType = image.png; name = "icon_addpin@3x.png"; path = "../../on-the-map-assets-new/icon_addpin@3x.png"; sourceTree = "<group>"; };
		482426632385D05E004CF12D /* icon_mapview-selected.png */ = {isa = PBXFileReference; lastKnownFileType = image.png; name = "icon_mapview-selected.png"; path = "../../on-the-map-assets-new/icon_mapview-selected.png"; sourceTree = "<group>"; };
		482426642385D05E004CF12D /* icon_pin.png */ = {isa = PBXFileReference; lastKnownFileType = image.png; name = icon_pin.png; path = "../../on-the-map-assets-new/icon_pin.png"; sourceTree = "<group>"; };
		482426652385D05E004CF12D /* loading@3x.png */ = {isa = PBXFileReference; lastKnownFileType = image.png; name = "loading@3x.png"; path = "../../on-the-map-assets-new/loading@3x.png"; sourceTree = "<group>"; };
		482426872385D4B7004CF12D /* VerifiedLocationViewController.swift */ = {isa = PBXFileReference; lastKnownFileType = sourcecode.swift; name = VerifiedLocationViewController.swift; path = "/Users/ebtesam/Documents/shahads projects/OnTheMap/ViewController/VerifiedLocationViewController.swift"; sourceTree = "<absolute>"; };
		48483BF6238FAA7B006659D6 /* UserInfo.swift */ = {isa = PBXFileReference; lastKnownFileType = sourcecode.swift; path = UserInfo.swift; sourceTree = "<group>"; };
		48483BF8238FB452006659D6 /* APIConstant.swift */ = {isa = PBXFileReference; lastKnownFileType = sourcecode.swift; path = APIConstant.swift; sourceTree = "<group>"; };
		48483BFA238FBAE8006659D6 /* ViewController.swift */ = {isa = PBXFileReference; lastKnownFileType = sourcecode.swift; path = ViewController.swift; sourceTree = "<group>"; };
		48D99BB4237D8F1900575339 /* OnTheMap.app */ = {isa = PBXFileReference; explicitFileType = wrapper.application; includeInIndex = 0; path = OnTheMap.app; sourceTree = BUILT_PRODUCTS_DIR; };
		48D99BB7237D8F1900575339 /* AppDelegate.swift */ = {isa = PBXFileReference; lastKnownFileType = sourcecode.swift; path = AppDelegate.swift; sourceTree = "<group>"; };
		48D99BB9237D8F1900575339 /* NewLocationViewController.swift */ = {isa = PBXFileReference; lastKnownFileType = sourcecode.swift; path = NewLocationViewController.swift; sourceTree = "<group>"; };
		48D99BBC237D8F1900575339 /* Base */ = {isa = PBXFileReference; lastKnownFileType = file.storyboard; name = Base; path = Base.lproj/Main.storyboard; sourceTree = "<group>"; };
		48D99BBF237D8F1900575339 /* OnTheMap.xcdatamodel */ = {isa = PBXFileReference; lastKnownFileType = wrapper.xcdatamodel; path = OnTheMap.xcdatamodel; sourceTree = "<group>"; };
		48D99BC1237D8F1B00575339 /* Assets.xcassets */ = {isa = PBXFileReference; lastKnownFileType = folder.assetcatalog; path = Assets.xcassets; sourceTree = "<group>"; };
		48D99BC4237D8F1B00575339 /* Base */ = {isa = PBXFileReference; lastKnownFileType = file.storyboard; name = Base; path = Base.lproj/LaunchScreen.storyboard; sourceTree = "<group>"; };
		48D99BC6237D8F1B00575339 /* Info.plist */ = {isa = PBXFileReference; lastKnownFileType = text.plist.xml; path = Info.plist; sourceTree = "<group>"; };
		48D99BCB237D8F1B00575339 /* OnTheMapTests.xctest */ = {isa = PBXFileReference; explicitFileType = wrapper.cfbundle; includeInIndex = 0; path = OnTheMapTests.xctest; sourceTree = BUILT_PRODUCTS_DIR; };
		48D99BCF237D8F1B00575339 /* OnTheMapTests.swift */ = {isa = PBXFileReference; lastKnownFileType = sourcecode.swift; path = OnTheMapTests.swift; sourceTree = "<group>"; };
		48D99BD1237D8F1B00575339 /* Info.plist */ = {isa = PBXFileReference; lastKnownFileType = text.plist.xml; path = Info.plist; sourceTree = "<group>"; };
		48D99BD6237D8F1B00575339 /* OnTheMapUITests.xctest */ = {isa = PBXFileReference; explicitFileType = wrapper.cfbundle; includeInIndex = 0; path = OnTheMapUITests.xctest; sourceTree = BUILT_PRODUCTS_DIR; };
		48D99BDA237D8F1B00575339 /* OnTheMapUITests.swift */ = {isa = PBXFileReference; lastKnownFileType = sourcecode.swift; path = OnTheMapUITests.swift; sourceTree = "<group>"; };
		48D99BDC237D8F1B00575339 /* Info.plist */ = {isa = PBXFileReference; lastKnownFileType = text.plist.xml; path = Info.plist; sourceTree = "<group>"; };
		48D99BEA237DF48C00575339 /* UdacityAPI.swift */ = {isa = PBXFileReference; lastKnownFileType = sourcecode.swift; name = UdacityAPI.swift; path = "/Users/ebtesam/Documents/shahads projects/OnTheMap/OnTheMap/UdacityAPI.swift"; sourceTree = "<absolute>"; };
		48D99BF123802F9600575339 /* LoginViewController.swift */ = {isa = PBXFileReference; lastKnownFileType = sourcecode.swift; path = LoginViewController.swift; sourceTree = "<group>"; };
		48D99BF523815BEA00575339 /* MapViewController.swift */ = {isa = PBXFileReference; lastKnownFileType = sourcecode.swift; path = MapViewController.swift; sourceTree = "<group>"; };
		48D99BF723815C2E00575339 /* StudentLocation.swift */ = {isa = PBXFileReference; lastKnownFileType = sourcecode.swift; path = StudentLocation.swift; sourceTree = "<group>"; };
		48E19F342386CBCD005F55F3 /* ListViewController.swift */ = {isa = PBXFileReference; lastKnownFileType = sourcecode.swift; path = ListViewController.swift; sourceTree = "<group>"; };
/* End PBXFileReference section */

/* Begin PBXFrameworksBuildPhase section */
		48D99BB1237D8F1900575339 /* Frameworks */ = {
			isa = PBXFrameworksBuildPhase;
			buildActionMask = 2147483647;
			files = (
			);
			runOnlyForDeploymentPostprocessing = 0;
		};
		48D99BC8237D8F1B00575339 /* Frameworks */ = {
			isa = PBXFrameworksBuildPhase;
			buildActionMask = 2147483647;
			files = (
			);
			runOnlyForDeploymentPostprocessing = 0;
		};
		48D99BD3237D8F1B00575339 /* Frameworks */ = {
			isa = PBXFrameworksBuildPhase;
			buildActionMask = 2147483647;
			files = (
			);
			runOnlyForDeploymentPostprocessing = 0;
		};
/* End PBXFrameworksBuildPhase section */

/* Begin PBXGroup section */
		482426442385D047004CF12D /* Assest */ = {
			isa = PBXGroup;
			children = (
				4824264C2385D05D004CF12D /* icon_addpin.png */,
				482426492385D05D004CF12D /* icon_addpin@2x.png */,
				482426622385D05E004CF12D /* icon_addpin@3x.png */,
				482426452385D05D004CF12D /* icon_back-arrow.png */,
				4824265C2385D05E004CF12D /* icon_back-arrow@2x.png */,
				482426482385D05D004CF12D /* icon_back-arrow@3x.png */,
				482426552385D05E004CF12D /* icon_listview-deselected.png */,
				482426572385D05E004CF12D /* icon_listview-deselected@2x.png */,
				4824265D2385D05E004CF12D /* icon_listview-deselected@3x.png */,
				4824264D2385D05D004CF12D /* icon_listview-selected.png */,
				4824265A2385D05E004CF12D /* icon_listview-selected@2x.png */,
				482426612385D05E004CF12D /* icon_listview-selected@3x.png */,
				482426522385D05D004CF12D /* icon_mapview-deselected.png */,
				482426582385D05E004CF12D /* icon_mapview-deselected@2x.png */,
				4824265B2385D05E004CF12D /* icon_mapview-deselected@3x.png */,
				482426632385D05E004CF12D /* icon_mapview-selected.png */,
				482426592385D05E004CF12D /* icon_mapview-selected@2x.png */,
				482426532385D05D004CF12D /* icon_mapview-selected@3x.png */,
				482426642385D05E004CF12D /* icon_pin.png */,
				4824264E2385D05D004CF12D /* icon_pin@2x.png */,
				482426602385D05E004CF12D /* icon_pin@3x.png */,
				4824264F2385D05D004CF12D /* icon_refresh.png */,
				482426502385D05D004CF12D /* icon_refresh@2x.png */,
				4824264B2385D05D004CF12D /* icon_refresh@3x.png */,
				482426542385D05D004CF12D /* icon_world.png */,
				482426562385D05E004CF12D /* icon_world@2x.png */,
				4824264A2385D05D004CF12D /* icon_world@3x.png */,
				4824265E2385D05E004CF12D /* loading.png */,
				4824265F2385D05E004CF12D /* loading@2x.png */,
				482426652385D05E004CF12D /* loading@3x.png */,
				482426512385D05D004CF12D /* logo-u.png */,
				482426462385D05D004CF12D /* logo-u@2x.png */,
				482426472385D05D004CF12D /* logo-u@3x.png */,
			);
			path = Assest;
			sourceTree = "<group>";
		};
		48D99BAB237D8F1900575339 = {
			isa = PBXGroup;
			children = (
				482426442385D047004CF12D /* Assest */,
				48D99BF023802F6A00575339 /* ViewController */,
				48D99BB6237D8F1900575339 /* OnTheMap */,
				48D99BCE237D8F1B00575339 /* OnTheMapTests */,
				48D99BD9237D8F1B00575339 /* OnTheMapUITests */,
				48D99BB5237D8F1900575339 /* Products */,
			);
			sourceTree = "<group>";
		};
		48D99BB5237D8F1900575339 /* Products */ = {
			isa = PBXGroup;
			children = (
				48D99BB4237D8F1900575339 /* OnTheMap.app */,
				48D99BCB237D8F1B00575339 /* OnTheMapTests.xctest */,
				48D99BD6237D8F1B00575339 /* OnTheMapUITests.xctest */,
			);
			name = Products;
			sourceTree = "<group>";
		};
		48D99BB6237D8F1900575339 /* OnTheMap */ = {
			isa = PBXGroup;
			children = (
				48D99BF723815C2E00575339 /* StudentLocation.swift */,
				48D99BB7237D8F1900575339 /* AppDelegate.swift */,
				48D99BEA237DF48C00575339 /* UdacityAPI.swift */,
				48483BF8238FB452006659D6 /* APIConstant.swift */,
				48483BF6238FAA7B006659D6 /* UserInfo.swift */,
				48D99BBB237D8F1900575339 /* Main.storyboard */,
				48D99BC1237D8F1B00575339 /* Assets.xcassets */,
				48D99BC3237D8F1B00575339 /* LaunchScreen.storyboard */,
				48D99BC6237D8F1B00575339 /* Info.plist */,
				48D99BBE237D8F1900575339 /* OnTheMap.xcdatamodeld */,
			);
			path = OnTheMap;
			sourceTree = "<group>";
		};
		48D99BCE237D8F1B00575339 /* OnTheMapTests */ = {
			isa = PBXGroup;
			children = (
				48D99BCF237D8F1B00575339 /* OnTheMapTests.swift */,
				48D99BD1237D8F1B00575339 /* Info.plist */,
			);
			path = OnTheMapTests;
			sourceTree = "<group>";
		};
		48D99BD9237D8F1B00575339 /* OnTheMapUITests */ = {
			isa = PBXGroup;
			children = (
				48D99BDA237D8F1B00575339 /* OnTheMapUITests.swift */,
				48D99BDC237D8F1B00575339 /* Info.plist */,
			);
			path = OnTheMapUITests;
			sourceTree = "<group>";
		};
		48D99BF023802F6A00575339 /* ViewController */ = {
			isa = PBXGroup;
			children = (
				482426872385D4B7004CF12D /* VerifiedLocationViewController.swift */,
				48D99BF123802F9600575339 /* LoginViewController.swift */,
				48D99BF523815BEA00575339 /* MapViewController.swift */,
				48D99BB9237D8F1900575339 /* NewLocationViewController.swift */,
				48E19F342386CBCD005F55F3 /* ListViewController.swift */,
				48483BFA238FBAE8006659D6 /* ViewController.swift */,
			);
			path = ViewController;
			sourceTree = "<group>";
		};
/* End PBXGroup section */

/* Begin PBXNativeTarget section */
		48D99BB3237D8F1900575339 /* OnTheMap */ = {
			isa = PBXNativeTarget;
			buildConfigurationList = 48D99BDF237D8F1B00575339 /* Build configuration list for PBXNativeTarget "OnTheMap" */;
			buildPhases = (
				48D99BB0237D8F1900575339 /* Sources */,
				48D99BB1237D8F1900575339 /* Frameworks */,
				48D99BB2237D8F1900575339 /* Resources */,
			);
			buildRules = (
			);
			dependencies = (
			);
			name = OnTheMap;
			productName = OnTheMap;
			productReference = 48D99BB4237D8F1900575339 /* OnTheMap.app */;
			productType = "com.apple.product-type.application";
		};
		48D99BCA237D8F1B00575339 /* OnTheMapTests */ = {
			isa = PBXNativeTarget;
			buildConfigurationList = 48D99BE2237D8F1B00575339 /* Build configuration list for PBXNativeTarget "OnTheMapTests" */;
			buildPhases = (
				48D99BC7237D8F1B00575339 /* Sources */,
				48D99BC8237D8F1B00575339 /* Frameworks */,
				48D99BC9237D8F1B00575339 /* Resources */,
			);
			buildRules = (
			);
			dependencies = (
				48D99BCD237D8F1B00575339 /* PBXTargetDependency */,
			);
			name = OnTheMapTests;
			productName = OnTheMapTests;
			productReference = 48D99BCB237D8F1B00575339 /* OnTheMapTests.xctest */;
			productType = "com.apple.product-type.bundle.unit-test";
		};
		48D99BD5237D8F1B00575339 /* OnTheMapUITests */ = {
			isa = PBXNativeTarget;
			buildConfigurationList = 48D99BE5237D8F1B00575339 /* Build configuration list for PBXNativeTarget "OnTheMapUITests" */;
			buildPhases = (
				48D99BD2237D8F1B00575339 /* Sources */,
				48D99BD3237D8F1B00575339 /* Frameworks */,
				48D99BD4237D8F1B00575339 /* Resources */,
			);
			buildRules = (
			);
			dependencies = (
				48D99BD8237D8F1B00575339 /* PBXTargetDependency */,
			);
			name = OnTheMapUITests;
			productName = OnTheMapUITests;
			productReference = 48D99BD6237D8F1B00575339 /* OnTheMapUITests.xctest */;
			productType = "com.apple.product-type.bundle.ui-testing";
		};
/* End PBXNativeTarget section */

/* Begin PBXProject section */
		48D99BAC237D8F1900575339 /* Project object */ = {
			isa = PBXProject;
			attributes = {
				LastSwiftUpdateCheck = 1030;
				LastUpgradeCheck = 1030;
				ORGANIZATIONNAME = Udacity;
				TargetAttributes = {
					48D99BB3237D8F1900575339 = {
						CreatedOnToolsVersion = 10.3;
					};
					48D99BCA237D8F1B00575339 = {
						CreatedOnToolsVersion = 10.3;
						TestTargetID = 48D99BB3237D8F1900575339;
					};
					48D99BD5237D8F1B00575339 = {
						CreatedOnToolsVersion = 10.3;
						TestTargetID = 48D99BB3237D8F1900575339;
					};
				};
			};
			buildConfigurationList = 48D99BAF237D8F1900575339 /* Build configuration list for PBXProject "OnTheMap" */;
			compatibilityVersion = "Xcode 9.3";
			developmentRegion = en;
			hasScannedForEncodings = 0;
			knownRegions = (
				en,
				Base,
			);
			mainGroup = 48D99BAB237D8F1900575339;
			productRefGroup = 48D99BB5237D8F1900575339 /* Products */;
			projectDirPath = "";
			projectRoot = "";
			targets = (
				48D99BB3237D8F1900575339 /* OnTheMap */,
				48D99BCA237D8F1B00575339 /* OnTheMapTests */,
				48D99BD5237D8F1B00575339 /* OnTheMapUITests */,
			);
		};
/* End PBXProject section */

/* Begin PBXResourcesBuildPhase section */
		48D99BB2237D8F1900575339 /* Resources */ = {
			isa = PBXResourcesBuildPhase;
			buildActionMask = 2147483647;
			files = (
				482426722385D05E004CF12D /* logo-u.png in Resources */,
				482426772385D05E004CF12D /* icon_world@2x.png in Resources */,
				482426752385D05E004CF12D /* icon_world.png in Resources */,
				482426802385D05E004CF12D /* loading@2x.png in Resources */,
				4824267B2385D05E004CF12D /* icon_listview-selected@2x.png in Resources */,
				482426832385D05E004CF12D /* icon_addpin@3x.png in Resources */,
				482426712385D05E004CF12D /* icon_refresh@2x.png in Resources */,
				482426692385D05E004CF12D /* icon_back-arrow@3x.png in Resources */,
				4824266B2385D05E004CF12D /* icon_world@3x.png in Resources */,
				482426842385D05E004CF12D /* icon_mapview-selected.png in Resources */,
				482426862385D05E004CF12D /* loading@3x.png in Resources */,
				4824267D2385D05E004CF12D /* icon_back-arrow@2x.png in Resources */,
				482426762385D05E004CF12D /* icon_listview-deselected.png in Resources */,
				4824266E2385D05E004CF12D /* icon_listview-selected.png in Resources */,
				482426812385D05E004CF12D /* icon_pin@3x.png in Resources */,
				4824267A2385D05E004CF12D /* icon_mapview-selected@2x.png in Resources */,
				482426742385D05E004CF12D /* icon_mapview-selected@3x.png in Resources */,
				48D99BC5237D8F1B00575339 /* LaunchScreen.storyboard in Resources */,
				482426672385D05E004CF12D /* logo-u@2x.png in Resources */,
				482426822385D05E004CF12D /* icon_listview-selected@3x.png in Resources */,
				4824267F2385D05E004CF12D /* loading.png in Resources */,
				4824266D2385D05E004CF12D /* icon_addpin.png in Resources */,
				48D99BC2237D8F1B00575339 /* Assets.xcassets in Resources */,
				48D99BBD237D8F1900575339 /* Main.storyboard in Resources */,
				482426782385D05E004CF12D /* icon_listview-deselected@2x.png in Resources */,
				482426792385D05E004CF12D /* icon_mapview-deselected@2x.png in Resources */,
				482426682385D05E004CF12D /* logo-u@3x.png in Resources */,
				482426662385D05E004CF12D /* icon_back-arrow.png in Resources */,
				4824266F2385D05E004CF12D /* icon_pin@2x.png in Resources */,
				4824266C2385D05E004CF12D /* icon_refresh@3x.png in Resources */,
				482426732385D05E004CF12D /* icon_mapview-deselected.png in Resources */,
				482426702385D05E004CF12D /* icon_refresh.png in Resources */,
				482426852385D05E004CF12D /* icon_pin.png in Resources */,
				4824267C2385D05E004CF12D /* icon_mapview-deselected@3x.png in Resources */,
				4824266A2385D05E004CF12D /* icon_addpin@2x.png in Resources */,
				4824267E2385D05E004CF12D /* icon_listview-deselected@3x.png in Resources */,
			);
			runOnlyForDeploymentPostprocessing = 0;
		};
		48D99BC9237D8F1B00575339 /* Resources */ = {
			isa = PBXResourcesBuildPhase;
			buildActionMask = 2147483647;
			files = (
			);
			runOnlyForDeploymentPostprocessing = 0;
		};
		48D99BD4237D8F1B00575339 /* Resources */ = {
			isa = PBXResourcesBuildPhase;
			buildActionMask = 2147483647;
			files = (
			);
			runOnlyForDeploymentPostprocessing = 0;
		};
/* End PBXResourcesBuildPhase section */

/* Begin PBXSourcesBuildPhase section */
		48D99BB0237D8F1900575339 /* Sources */ = {
			isa = PBXSourcesBuildPhase;
			buildActionMask = 2147483647;
			files = (
				48483BFB238FBAE8006659D6 /* ViewController.swift in Sources */,
				48D99BF823815C2E00575339 /* StudentLocation.swift in Sources */,
				48D99BF223802F9600575339 /* LoginViewController.swift in Sources */,
				48E19F352386CBCD005F55F3 /* ListViewController.swift in Sources */,
				48D99BEB237DF48C00575339 /* UdacityAPI.swift in Sources */,
				48D99BC0237D8F1900575339 /* OnTheMap.xcdatamodeld in Sources */,
				48483BF7238FAA7B006659D6 /* UserInfo.swift in Sources */,
				48D99BBA237D8F1900575339 /* NewLocationViewController.swift in Sources */,
				48D99BB8237D8F1900575339 /* AppDelegate.swift in Sources */,
				482426882385D4B7004CF12D /* VerifiedLocationViewController.swift in Sources */,
				48483BF9238FB452006659D6 /* APIConstant.swift in Sources */,
				48D99BF623815BEA00575339 /* MapViewController.swift in Sources */,
			);
			runOnlyForDeploymentPostprocessing = 0;
		};
		48D99BC7237D8F1B00575339 /* Sources */ = {
			isa = PBXSourcesBuildPhase;
			buildActionMask = 2147483647;
			files = (
				48D99BD0237D8F1B00575339 /* OnTheMapTests.swift in Sources */,
			);
			runOnlyForDeploymentPostprocessing = 0;
		};
		48D99BD2237D8F1B00575339 /* Sources */ = {
			isa = PBXSourcesBuildPhase;
			buildActionMask = 2147483647;
			files = (
				48D99BDB237D8F1B00575339 /* OnTheMapUITests.swift in Sources */,
			);
			runOnlyForDeploymentPostprocessing = 0;
		};
/* End PBXSourcesBuildPhase section */

/* Begin PBXTargetDependency section */
		48D99BCD237D8F1B00575339 /* PBXTargetDependency */ = {
			isa = PBXTargetDependency;
			target = 48D99BB3237D8F1900575339 /* OnTheMap */;
			targetProxy = 48D99BCC237D8F1B00575339 /* PBXContainerItemProxy */;
		};
		48D99BD8237D8F1B00575339 /* PBXTargetDependency */ = {
			isa = PBXTargetDependency;
			target = 48D99BB3237D8F1900575339 /* OnTheMap */;
			targetProxy = 48D99BD7237D8F1B00575339 /* PBXContainerItemProxy */;
		};
/* End PBXTargetDependency section */

/* Begin PBXVariantGroup section */
		48D99BBB237D8F1900575339 /* Main.storyboard */ = {
			isa = PBXVariantGroup;
			children = (
				48D99BBC237D8F1900575339 /* Base */,
			);
			name = Main.storyboard;
			sourceTree = "<group>";
		};
		48D99BC3237D8F1B00575339 /* LaunchScreen.storyboard */ = {
			isa = PBXVariantGroup;
			children = (
				48D99BC4237D8F1B00575339 /* Base */,
			);
			name = LaunchScreen.storyboard;
			sourceTree = "<group>";
		};
/* End PBXVariantGroup section */

/* Begin XCBuildConfiguration section */
		48D99BDD237D8F1B00575339 /* Debug */ = {
			isa = XCBuildConfiguration;
			buildSettings = {
				ALWAYS_SEARCH_USER_PATHS = NO;
				CLANG_ANALYZER_NONNULL = YES;
				CLANG_ANALYZER_NUMBER_OBJECT_CONVERSION = YES_AGGRESSIVE;
				CLANG_CXX_LANGUAGE_STANDARD = "gnu++14";
				CLANG_CXX_LIBRARY = "libc++";
				CLANG_ENABLE_MODULES = YES;
				CLANG_ENABLE_OBJC_ARC = YES;
				CLANG_ENABLE_OBJC_WEAK = YES;
				CLANG_WARN_BLOCK_CAPTURE_AUTORELEASING = YES;
				CLANG_WARN_BOOL_CONVERSION = YES;
				CLANG_WARN_COMMA = YES;
				CLANG_WARN_CONSTANT_CONVERSION = YES;
				CLANG_WARN_DEPRECATED_OBJC_IMPLEMENTATIONS = YES;
				CLANG_WARN_DIRECT_OBJC_ISA_USAGE = YES_ERROR;
				CLANG_WARN_DOCUMENTATION_COMMENTS = YES;
				CLANG_WARN_EMPTY_BODY = YES;
				CLANG_WARN_ENUM_CONVERSION = YES;
				CLANG_WARN_INFINITE_RECURSION = YES;
				CLANG_WARN_INT_CONVERSION = YES;
				CLANG_WARN_NON_LITERAL_NULL_CONVERSION = YES;
				CLANG_WARN_OBJC_IMPLICIT_RETAIN_SELF = YES;
				CLANG_WARN_OBJC_LITERAL_CONVERSION = YES;
				CLANG_WARN_OBJC_ROOT_CLASS = YES_ERROR;
				CLANG_WARN_RANGE_LOOP_ANALYSIS = YES;
				CLANG_WARN_STRICT_PROTOTYPES = YES;
				CLANG_WARN_SUSPICIOUS_MOVE = YES;
				CLANG_WARN_UNGUARDED_AVAILABILITY = YES_AGGRESSIVE;
				CLANG_WARN_UNREACHABLE_CODE = YES;
				CLANG_WARN__DUPLICATE_METHOD_MATCH = YES;
				CODE_SIGN_IDENTITY = "iPhone Developer";
				COPY_PHASE_STRIP = NO;
				DEBUG_INFORMATION_FORMAT = dwarf;
				ENABLE_STRICT_OBJC_MSGSEND = YES;
				ENABLE_TESTABILITY = YES;
				GCC_C_LANGUAGE_STANDARD = gnu11;
				GCC_DYNAMIC_NO_PIC = NO;
				GCC_NO_COMMON_BLOCKS = YES;
				GCC_OPTIMIZATION_LEVEL = 0;
				GCC_PREPROCESSOR_DEFINITIONS = (
					"DEBUG=1",
					"$(inherited)",
				);
				GCC_WARN_64_TO_32_BIT_CONVERSION = YES;
				GCC_WARN_ABOUT_RETURN_TYPE = YES_ERROR;
				GCC_WARN_UNDECLARED_SELECTOR = YES;
				GCC_WARN_UNINITIALIZED_AUTOS = YES_AGGRESSIVE;
				GCC_WARN_UNUSED_FUNCTION = YES;
				GCC_WARN_UNUSED_VARIABLE = YES;
				IPHONEOS_DEPLOYMENT_TARGET = 12.4;
				MTL_ENABLE_DEBUG_INFO = INCLUDE_SOURCE;
				MTL_FAST_MATH = YES;
				ONLY_ACTIVE_ARCH = YES;
				SDKROOT = iphoneos;
				SWIFT_ACTIVE_COMPILATION_CONDITIONS = DEBUG;
				SWIFT_OPTIMIZATION_LEVEL = "-Onone";
			};
			name = Debug;
		};
		48D99BDE237D8F1B00575339 /* Release */ = {
			isa = XCBuildConfiguration;
			buildSettings = {
				ALWAYS_SEARCH_USER_PATHS = NO;
				CLANG_ANALYZER_NONNULL = YES;
				CLANG_ANALYZER_NUMBER_OBJECT_CONVERSION = YES_AGGRESSIVE;
				CLANG_CXX_LANGUAGE_STANDARD = "gnu++14";
				CLANG_CXX_LIBRARY = "libc++";
				CLANG_ENABLE_MODULES = YES;
				CLANG_ENABLE_OBJC_ARC = YES;
				CLANG_ENABLE_OBJC_WEAK = YES;
				CLANG_WARN_BLOCK_CAPTURE_AUTORELEASING = YES;
				CLANG_WARN_BOOL_CONVERSION = YES;
				CLANG_WARN_COMMA = YES;
				CLANG_WARN_CONSTANT_CONVERSION = YES;
				CLANG_WARN_DEPRECATED_OBJC_IMPLEMENTATIONS = YES;
				CLANG_WARN_DIRECT_OBJC_ISA_USAGE = YES_ERROR;
				CLANG_WARN_DOCUMENTATION_COMMENTS = YES;
				CLANG_WARN_EMPTY_BODY = YES;
				CLANG_WARN_ENUM_CONVERSION = YES;
				CLANG_WARN_INFINITE_RECURSION = YES;
				CLANG_WARN_INT_CONVERSION = YES;
				CLANG_WARN_NON_LITERAL_NULL_CONVERSION = YES;
				CLANG_WARN_OBJC_IMPLICIT_RETAIN_SELF = YES;
				CLANG_WARN_OBJC_LITERAL_CONVERSION = YES;
				CLANG_WARN_OBJC_ROOT_CLASS = YES_ERROR;
				CLANG_WARN_RANGE_LOOP_ANALYSIS = YES;
				CLANG_WARN_STRICT_PROTOTYPES = YES;
				CLANG_WARN_SUSPICIOUS_MOVE = YES;
				CLANG_WARN_UNGUARDED_AVAILABILITY = YES_AGGRESSIVE;
				CLANG_WARN_UNREACHABLE_CODE = YES;
				CLANG_WARN__DUPLICATE_METHOD_MATCH = YES;
				CODE_SIGN_IDENTITY = "iPhone Developer";
				COPY_PHASE_STRIP = NO;
				DEBUG_INFORMATION_FORMAT = "dwarf-with-dsym";
				ENABLE_NS_ASSERTIONS = NO;
				ENABLE_STRICT_OBJC_MSGSEND = YES;
				GCC_C_LANGUAGE_STANDARD = gnu11;
				GCC_NO_COMMON_BLOCKS = YES;
				GCC_WARN_64_TO_32_BIT_CONVERSION = YES;
				GCC_WARN_ABOUT_RETURN_TYPE = YES_ERROR;
				GCC_WARN_UNDECLARED_SELECTOR = YES;
				GCC_WARN_UNINITIALIZED_AUTOS = YES_AGGRESSIVE;
				GCC_WARN_UNUSED_FUNCTION = YES;
				GCC_WARN_UNUSED_VARIABLE = YES;
				IPHONEOS_DEPLOYMENT_TARGET = 12.4;
				MTL_ENABLE_DEBUG_INFO = NO;
				MTL_FAST_MATH = YES;
				SDKROOT = iphoneos;
				SWIFT_COMPILATION_MODE = wholemodule;
				SWIFT_OPTIMIZATION_LEVEL = "-O";
				VALIDATE_PRODUCT = YES;
			};
			name = Release;
		};
		48D99BE0237D8F1B00575339 /* Debug */ = {
			isa = XCBuildConfiguration;
			buildSettings = {
				ASSETCATALOG_COMPILER_APPICON_NAME = AppIcon;
				CODE_SIGN_STYLE = Automatic;
				INFOPLIST_FILE = OnTheMap/Info.plist;
				LD_RUNPATH_SEARCH_PATHS = (
					"$(inherited)",
					"@executable_path/Frameworks",
				);
				PRODUCT_BUNDLE_IDENTIFIER = com.udacity.OnTheMap;
				PRODUCT_NAME = "$(TARGET_NAME)";
				SWIFT_VERSION = 5.0;
				TARGETED_DEVICE_FAMILY = "1,2";
			};
			name = Debug;
		};
		48D99BE1237D8F1B00575339 /* Release */ = {
			isa = XCBuildConfiguration;
			buildSettings = {
				ASSETCATALOG_COMPILER_APPICON_NAME = AppIcon;
				CODE_SIGN_STYLE = Automatic;
				INFOPLIST_FILE = OnTheMap/Info.plist;
				LD_RUNPATH_SEARCH_PATHS = (
					"$(inherited)",
					"@executable_path/Frameworks",
				);
				PRODUCT_BUNDLE_IDENTIFIER = com.udacity.OnTheMap;
				PRODUCT_NAME = "$(TARGET_NAME)";
				SWIFT_VERSION = 5.0;
				TARGETED_DEVICE_FAMILY = "1,2";
			};
			name = Release;
		};
		48D99BE3237D8F1B00575339 /* Debug */ = {
			isa = XCBuildConfiguration;
			buildSettings = {
				ALWAYS_EMBED_SWIFT_STANDARD_LIBRARIES = YES;
				BUNDLE_LOADER = "$(TEST_HOST)";
				CODE_SIGN_STYLE = Automatic;
				INFOPLIST_FILE = OnTheMapTests/Info.plist;
				LD_RUNPATH_SEARCH_PATHS = (
					"$(inherited)",
					"@executable_path/Frameworks",
					"@loader_path/Frameworks",
				);
				PRODUCT_BUNDLE_IDENTIFIER = com.udacity.OnTheMapTests;
				PRODUCT_NAME = "$(TARGET_NAME)";
				SWIFT_VERSION = 5.0;
				TARGETED_DEVICE_FAMILY = "1,2";
				TEST_HOST = "$(BUILT_PRODUCTS_DIR)/OnTheMap.app/OnTheMap";
			};
			name = Debug;
		};
		48D99BE4237D8F1B00575339 /* Release */ = {
			isa = XCBuildConfiguration;
			buildSettings = {
				ALWAYS_EMBED_SWIFT_STANDARD_LIBRARIES = YES;
				BUNDLE_LOADER = "$(TEST_HOST)";
				CODE_SIGN_STYLE = Automatic;
				INFOPLIST_FILE = OnTheMapTests/Info.plist;
				LD_RUNPATH_SEARCH_PATHS = (
					"$(inherited)",
					"@executable_path/Frameworks",
					"@loader_path/Frameworks",
				);
				PRODUCT_BUNDLE_IDENTIFIER = com.udacity.OnTheMapTests;
				PRODUCT_NAME = "$(TARGET_NAME)";
				SWIFT_VERSION = 5.0;
				TARGETED_DEVICE_FAMILY = "1,2";
				TEST_HOST = "$(BUILT_PRODUCTS_DIR)/OnTheMap.app/OnTheMap";
			};
			name = Release;
		};
		48D99BE6237D8F1B00575339 /* Debug */ = {
			isa = XCBuildConfiguration;
			buildSettings = {
				ALWAYS_EMBED_SWIFT_STANDARD_LIBRARIES = YES;
				CODE_SIGN_STYLE = Automatic;
				INFOPLIST_FILE = OnTheMapUITests/Info.plist;
				LD_RUNPATH_SEARCH_PATHS = (
					"$(inherited)",
					"@executable_path/Frameworks",
					"@loader_path/Frameworks",
				);
				PRODUCT_BUNDLE_IDENTIFIER = com.udacity.OnTheMapUITests;
				PRODUCT_NAME = "$(TARGET_NAME)";
				SWIFT_VERSION = 5.0;
				TARGETED_DEVICE_FAMILY = "1,2";
				TEST_TARGET_NAME = OnTheMap;
			};
			name = Debug;
		};
		48D99BE7237D8F1B00575339 /* Release */ = {
			isa = XCBuildConfiguration;
			buildSettings = {
				ALWAYS_EMBED_SWIFT_STANDARD_LIBRARIES = YES;
				CODE_SIGN_STYLE = Automatic;
				INFOPLIST_FILE = OnTheMapUITests/Info.plist;
				LD_RUNPATH_SEARCH_PATHS = (
					"$(inherited)",
					"@executable_path/Frameworks",
					"@loader_path/Frameworks",
				);
				PRODUCT_BUNDLE_IDENTIFIER = com.udacity.OnTheMapUITests;
				PRODUCT_NAME = "$(TARGET_NAME)";
				SWIFT_VERSION = 5.0;
				TARGETED_DEVICE_FAMILY = "1,2";
				TEST_TARGET_NAME = OnTheMap;
			};
			name = Release;
		};
/* End XCBuildConfiguration section */

/* Begin XCConfigurationList section */
		48D99BAF237D8F1900575339 /* Build configuration list for PBXProject "OnTheMap" */ = {
			isa = XCConfigurationList;
			buildConfigurations = (
				48D99BDD237D8F1B00575339 /* Debug */,
				48D99BDE237D8F1B00575339 /* Release */,
			);
			defaultConfigurationIsVisible = 0;
			defaultConfigurationName = Release;
		};
		48D99BDF237D8F1B00575339 /* Build configuration list for PBXNativeTarget "OnTheMap" */ = {
			isa = XCConfigurationList;
			buildConfigurations = (
				48D99BE0237D8F1B00575339 /* Debug */,
				48D99BE1237D8F1B00575339 /* Release */,
			);
			defaultConfigurationIsVisible = 0;
			defaultConfigurationName = Release;
		};
		48D99BE2237D8F1B00575339 /* Build configuration list for PBXNativeTarget "OnTheMapTests" */ = {
			isa = XCConfigurationList;
			buildConfigurations = (
				48D99BE3237D8F1B00575339 /* Debug */,
				48D99BE4237D8F1B00575339 /* Release */,
			);
			defaultConfigurationIsVisible = 0;
			defaultConfigurationName = Release;
		};
		48D99BE5237D8F1B00575339 /* Build configuration list for PBXNativeTarget "OnTheMapUITests" */ = {
			isa = XCConfigurationList;
			buildConfigurations = (
				48D99BE6237D8F1B00575339 /* Debug */,
				48D99BE7237D8F1B00575339 /* Release */,
			);
			defaultConfigurationIsVisible = 0;
			defaultConfigurationName = Release;
		};
/* End XCConfigurationList section */

/* Begin XCVersionGroup section */
		48D99BBE237D8F1900575339 /* OnTheMap.xcdatamodeld */ = {
			isa = XCVersionGroup;
			children = (
				48D99BBF237D8F1900575339 /* OnTheMap.xcdatamodel */,
			);
			currentVersion = 48D99BBF237D8F1900575339 /* OnTheMap.xcdatamodel */;
			path = OnTheMap.xcdatamodeld;
			sourceTree = "<group>";
			versionGroupType = wrapper.xcdatamodel;
		};
/* End XCVersionGroup section */
	};
	rootObject = 48D99BAC237D8F1900575339 /* Project object */;
}
